PODS:
  - base-divkit-ui (1.0)

DEPENDENCIES:
  - base-divkit-ui (from `../base/divkit/ui`)

EXTERNAL SOURCES:
  base-divkit-ui:
    :path: "../base/divkit/ui"

SPEC CHECKSUMS:
  base-divkit-ui: b3e6751182d2040587743811bee29609e5acb226

PODFILE CHECKSUM: 244cf51871a9808c0714db891147b6911224f76f

COCOAPODS: 1.11.3
